Microsoft Visual Studio Solution File, Format Version 12.00
# Visual Studio Version 17
VisualStudioVersion = 17.5.2.0
MinimumVisualStudioVersion = 10.0.40219.1
Project("{FAE04EC0-301F-11D3-BF4B-00C04F79EFBC}") = "GuessingGame", "GuessingGame.csproj", "{91623D6B-A1CA-D3F7-3CD4-3B0C7423CFAE}"
EndProject
Global
	GlobalSection(SolutionConfigurationPlatforms) = preSolution
		Debug|Any CPU = Debug|Any CPU
		Release|Any CPU = Release|Any CPU
	EndGlobalSection
	GlobalSection(ProjectConfigurationPlatforms) = postSolution
		{91623D6B-A1CA-D3F7-3CD4-3B0C7423CFAE}.Debug|Any CPU.ActiveCfg = Debug|Any CPU
		{91623D6B-A1CA-D3F7-3CD4-3B0C7423CFAE}.Debug|Any CPU.Build.0 = Debug|Any CPU
		{91623D6B-A1CA-D3F7-3CD4-3B0C7423CFAE}.Release|Any CPU.ActiveCfg = Release|Any CPU
		{91623D6B-A1CA-D3F7-3CD4-3B0C7423CFAE}.Release|Any CPU.Build.0 = Release|Any CPU
	EndGlobalSection
	GlobalSection(SolutionProperties) = preSolution
		HideSolutionNode = FALSE
	EndGlobalSection
	GlobalSection(ExtensibilityGlobals) = postSolution
		SolutionGuid = {D1ADF21C-045B-4210-A8BE-6A2AE019971A}
	EndGlobalSection
EndGlobal
